
Microsoft Visual Studio Solution File, Format Version 12.00
# Visual Studio Version 17
VisualStudioVersion = 17.5.33424.131
MinimumVisualStudioVersion = 10.0.40219.1
Project("{FAE04EC0-301F-11D3-BF4B-00C04F79EFBC}") = "POB2421", "POB2421\POB2421.csproj", "{717C3522-7ADC-4386-8BE4-5A8435EB4099}"
EndProject
Global
	GlobalSection(SolutionConfigurationPlatforms) = preSolution
		Debug|Any CPU = Debug|Any CPU
		Release|Any CPU = Release|Any CPU
	EndGlobalSection
	GlobalSection(ProjectConfigurationPlatforms) = postSolution
		{717C3522-7ADC-4386-8BE4-5A8435EB4099}.Debug|Any CPU.ActiveCfg = Debug|Any CPU
		{717C3522-7ADC-4386-8BE4-5A8435EB4099}.Debug|Any CPU.Build.0 = Debug|Any CPU
		{717C3522-7ADC-4386-8BE4-5A8435EB4099}.Release|Any CPU.ActiveCfg = Release|Any CPU
		{717C3522-7ADC-4386-8BE4-5A8435EB4099}.Release|Any CPU.Build.0 = Release|Any CPU
	EndGlobalSection
	GlobalSection(SolutionProperties) = preSolution
		HideSolutionNode = FALSE
	EndGlobalSection
	GlobalSection(ExtensibilityGlobals) = postSolution
		SolutionGuid = {CA41F6EB-EE8C-496E-92BA-DF899FA6CE18}
	EndGlobalSection
EndGlobal
